
Microsoft Visual Studio Solution File, Format Version 12.00
# Visual Studio 15
VisualStudioVersion = 15.0.28307.168
MinimumVisualStudioVersion = 10.0.40219.1
Project("{2150E333-8FDC-42A3-9474-1A3956D46DE8}") = "0.Common", "0.Common", "{BB5275CC-EEA5-49B1-A156-7373870626B8}"
EndProject
Project("{2150E333-8FDC-42A3-9474-1A3956D46DE8}") = "2.Model", "2.Model", "{DD3215A3-3064-4D7A-B443-66C8A37D5DAE}"
EndProject
Project("{2150E333-8FDC-42A3-9474-1A3956D46DE8}") = "4.Workflow", "4.Workflow", "{DEF86815-F339-4E7B-9FED-6270243612CC}"
EndProject
Project("{2150E333-8FDC-42A3-9474-1A3956D46DE8}") = "5.UI", "5.UI", "{6A2AB17B-241D-4001-809B-16AC4DBAF3F9}"
EndProject
Project("{9A19103F-16F7-4668-BE54-9A1E7A4F7556}") = "SpawnTraffic.AppCmd", "SpawnTraffic.AppCmd\SpawnTraffic.AppCmd.csproj", "{62F4B1BF-4D6F-4CAB-98F4-473EF5352D5C}"
EndProject
Project("{9A19103F-16F7-4668-BE54-9A1E7A4F7556}") = "SpawnTraffic.Workflow", "SpawnTraffic.Workflow\SpawnTraffic.Workflow.csproj", "{93BF2B48-76F3-4BDE-8C1D-877C24762F42}"
EndProject
Project("{9A19103F-16F7-4668-BE54-9A1E7A4F7556}") = "SpawnTraffic.Model", "SpawnTraffic.Model\SpawnTraffic.Model.csproj", "{59A3F783-AECA-4AE0-9F39-BDE5685AE6E5}"
EndProject
Project("{9A19103F-16F7-4668-BE54-9A1E7A4F7556}") = "SpawnTraffic.Common", "SpawnTraffic.Common\SpawnTraffic.Common.csproj", "{76492D83-5C7B-4F25-A296-67C151C4F3D8}"
EndProject
Project("{2150E333-8FDC-42A3-9474-1A3956D46DE8}") = "1.Logger", "1.Logger", "{805F4A2C-6375-44E8-BADF-D4A36B3A0972}"
EndProject
Project("{9A19103F-16F7-4668-BE54-9A1E7A4F7556}") = "SpawnTraffic.Logger", "SpawnTraffic.Logger\SpawnTraffic.Logger.csproj", "{C3ABCADD-66C8-4873-AA3E-BD4DC7560259}"
EndProject
Project("{9A19103F-16F7-4668-BE54-9A1E7A4F7556}") = "SpawnTraffic.FileLogger", "SpawnTraffic.FileLogger\SpawnTraffic.FileLogger.csproj", "{AFBF8067-FA26-43A5-9157-DC3FBEB0B154}"
EndProject
Project("{9A19103F-16F7-4668-BE54-9A1E7A4F7556}") = "SpawnTraffic.LoggerManager", "SpawnTraffic.LoggerManager\SpawnTraffic.LoggerManager.csproj", "{85144842-0575-40B7-8F86-F6937B4E0075}"
EndProject
Project("{9A19103F-16F7-4668-BE54-9A1E7A4F7556}") = "SpawnTraffic.ConsoleLogger", "SpawnTraffic.ConsoleLogger\SpawnTraffic.ConsoleLogger.csproj", "{D26F2E9D-17B5-4F3A-A18C-DFFAB794ED57}"
EndProject
Project("{9A19103F-16F7-4668-BE54-9A1E7A4F7556}") = "SpawnTraffic.DatabaseLogger", "SpawnTraffic.DatabaseLogger\SpawnTraffic.DatabaseLogger.csproj", "{6855FF85-3308-4E4F-92ED-A759D75A7C80}"
EndProject
Project("{9A19103F-16F7-4668-BE54-9A1E7A4F7556}") = "SpawnTraffic.Common.Cache", "SpawnTraffic.Common.Cache\SpawnTraffic.Common.Cache.csproj", "{78337009-5CD2-479A-9D59-7E586C8AEEDE}"
EndProject
Project("{2150E333-8FDC-42A3-9474-1A3956D46DE8}") = "3.DataCache", "3.DataCache", "{2BA522B2-D158-47FE-8059-224013C4702C}"
EndProject
Project("{9A19103F-16F7-4668-BE54-9A1E7A4F7556}") = "SpawnTraffic.DataCache", "SpawnTraffic.DataCache\SpawnTraffic.DataCache.csproj", "{B4F53525-D530-4985-9074-3E1E3BD451FF}"
EndProject
Project("{2150E333-8FDC-42A3-9474-1A3956D46DE8}") = "6.Test", "6.Test", "{4624471D-77AB-4013-8C3A-8DEDDF460E8A}"
EndProject
Global
	GlobalSection(SolutionConfigurationPlatforms) = preSolution
		Debug|Any CPU = Debug|Any CPU
		Release|Any CPU = Release|Any CPU
	EndGlobalSection
	GlobalSection(ProjectConfigurationPlatforms) = postSolution
		{62F4B1BF-4D6F-4CAB-98F4-473EF5352D5C}.Debug|Any CPU.ActiveCfg = Debug|Any CPU
		{62F4B1BF-4D6F-4CAB-98F4-473EF5352D5C}.Debug|Any CPU.Build.0 = Debug|Any CPU
		{62F4B1BF-4D6F-4CAB-98F4-473EF5352D5C}.Release|Any CPU.ActiveCfg = Release|Any CPU
		{62F4B1BF-4D6F-4CAB-98F4-473EF5352D5C}.Release|Any CPU.Build.0 = Release|Any CPU
		{93BF2B48-76F3-4BDE-8C1D-877C24762F42}.Debug|Any CPU.ActiveCfg = Debug|Any CPU
		{93BF2B48-76F3-4BDE-8C1D-877C24762F42}.Debug|Any CPU.Build.0 = Debug|Any CPU
		{93BF2B48-76F3-4BDE-8C1D-877C24762F42}.Release|Any CPU.ActiveCfg = Release|Any CPU
		{93BF2B48-76F3-4BDE-8C1D-877C24762F42}.Release|Any CPU.Build.0 = Release|Any CPU
		{59A3F783-AECA-4AE0-9F39-BDE5685AE6E5}.Debug|Any CPU.ActiveCfg = Debug|Any CPU
		{59A3F783-AECA-4AE0-9F39-BDE5685AE6E5}.Debug|Any CPU.Build.0 = Debug|Any CPU
		{59A3F783-AECA-4AE0-9F39-BDE5685AE6E5}.Release|Any CPU.ActiveCfg = Release|Any CPU
		{59A3F783-AECA-4AE0-9F39-BDE5685AE6E5}.Release|Any CPU.Build.0 = Release|Any CPU
		{76492D83-5C7B-4F25-A296-67C151C4F3D8}.Debug|Any CPU.ActiveCfg = Debug|Any CPU
		{76492D83-5C7B-4F25-A296-67C151C4F3D8}.Debug|Any CPU.Build.0 = Debug|Any CPU
		{76492D83-5C7B-4F25-A296-67C151C4F3D8}.Release|Any CPU.ActiveCfg = Release|Any CPU
		{76492D83-5C7B-4F25-A296-67C151C4F3D8}.Release|Any CPU.Build.0 = Release|Any CPU
		{C3ABCADD-66C8-4873-AA3E-BD4DC7560259}.Debug|Any CPU.ActiveCfg = Debug|Any CPU
		{C3ABCADD-66C8-4873-AA3E-BD4DC7560259}.Debug|Any CPU.Build.0 = Debug|Any CPU
		{C3ABCADD-66C8-4873-AA3E-BD4DC7560259}.Release|Any CPU.ActiveCfg = Release|Any CPU
		{C3ABCADD-66C8-4873-AA3E-BD4DC7560259}.Release|Any CPU.Build.0 = Release|Any CPU
		{AFBF8067-FA26-43A5-9157-DC3FBEB0B154}.Debug|Any CPU.ActiveCfg = Debug|Any CPU
		{AFBF8067-FA26-43A5-9157-DC3FBEB0B154}.Debug|Any CPU.Build.0 = Debug|Any CPU
		{AFBF8067-FA26-43A5-9157-DC3FBEB0B154}.Release|Any CPU.ActiveCfg = Release|Any CPU
		{AFBF8067-FA26-43A5-9157-DC3FBEB0B154}.Release|Any CPU.Build.0 = Release|Any CPU
		{85144842-0575-40B7-8F86-F6937B4E0075}.Debug|Any CPU.ActiveCfg = Debug|Any CPU
		{85144842-0575-40B7-8F86-F6937B4E0075}.Debug|Any CPU.Build.0 = Debug|Any CPU
		{85144842-0575-40B7-8F86-F6937B4E0075}.Release|Any CPU.ActiveCfg = Release|Any CPU
		{85144842-0575-40B7-8F86-F6937B4E0075}.Release|Any CPU.Build.0 = Release|Any CPU
		{D26F2E9D-17B5-4F3A-A18C-DFFAB794ED57}.Debug|Any CPU.ActiveCfg = Debug|Any CPU
		{D26F2E9D-17B5-4F3A-A18C-DFFAB794ED57}.Debug|Any CPU.Build.0 = Debug|Any CPU
		{D26F2E9D-17B5-4F3A-A18C-DFFAB794ED57}.Release|Any CPU.ActiveCfg = Release|Any CPU
		{D26F2E9D-17B5-4F3A-A18C-DFFAB794ED57}.Release|Any CPU.Build.0 = Release|Any CPU
		{6855FF85-3308-4E4F-92ED-A759D75A7C80}.Debug|Any CPU.ActiveCfg = Debug|Any CPU
		{6855FF85-3308-4E4F-92ED-A759D75A7C80}.Debug|Any CPU.Build.0 = Debug|Any CPU
		{6855FF85-3308-4E4F-92ED-A759D75A7C80}.Release|Any CPU.ActiveCfg = Release|Any CPU
		{6855FF85-3308-4E4F-92ED-A759D75A7C80}.Release|Any CPU.Build.0 = Release|Any CPU
		{78337009-5CD2-479A-9D59-7E586C8AEEDE}.Debug|Any CPU.ActiveCfg = Debug|Any CPU
		{78337009-5CD2-479A-9D59-7E586C8AEEDE}.Debug|Any CPU.Build.0 = Debug|Any CPU
		{78337009-5CD2-479A-9D59-7E586C8AEEDE}.Release|Any CPU.ActiveCfg = Release|Any CPU
		{78337009-5CD2-479A-9D59-7E586C8AEEDE}.Release|Any CPU.Build.0 = Release|Any CPU
		{B4F53525-D530-4985-9074-3E1E3BD451FF}.Debug|Any CPU.ActiveCfg = Debug|Any CPU
		{B4F53525-D530-4985-9074-3E1E3BD451FF}.Debug|Any CPU.Build.0 = Debug|Any CPU
		{B4F53525-D530-4985-9074-3E1E3BD451FF}.Release|Any CPU.ActiveCfg = Release|Any CPU
		{B4F53525-D530-4985-9074-3E1E3BD451FF}.Release|Any CPU.Build.0 = Release|Any CPU
	EndGlobalSection
	GlobalSection(SolutionProperties) = preSolution
		HideSolutionNode = FALSE
	EndGlobalSection
	GlobalSection(NestedProjects) = preSolution
		{62F4B1BF-4D6F-4CAB-98F4-473EF5352D5C} = {6A2AB17B-241D-4001-809B-16AC4DBAF3F9}
		{93BF2B48-76F3-4BDE-8C1D-877C24762F42} = {DEF86815-F339-4E7B-9FED-6270243612CC}
		{59A3F783-AECA-4AE0-9F39-BDE5685AE6E5} = {DD3215A3-3064-4D7A-B443-66C8A37D5DAE}
		{76492D83-5C7B-4F25-A296-67C151C4F3D8} = {BB5275CC-EEA5-49B1-A156-7373870626B8}
		{C3ABCADD-66C8-4873-AA3E-BD4DC7560259} = {805F4A2C-6375-44E8-BADF-D4A36B3A0972}
		{AFBF8067-FA26-43A5-9157-DC3FBEB0B154} = {805F4A2C-6375-44E8-BADF-D4A36B3A0972}
		{85144842-0575-40B7-8F86-F6937B4E0075} = {805F4A2C-6375-44E8-BADF-D4A36B3A0972}
		{D26F2E9D-17B5-4F3A-A18C-DFFAB794ED57} = {805F4A2C-6375-44E8-BADF-D4A36B3A0972}
		{6855FF85-3308-4E4F-92ED-A759D75A7C80} = {805F4A2C-6375-44E8-BADF-D4A36B3A0972}
		{78337009-5CD2-479A-9D59-7E586C8AEEDE} = {BB5275CC-EEA5-49B1-A156-7373870626B8}
		{B4F53525-D530-4985-9074-3E1E3BD451FF} = {2BA522B2-D158-47FE-8059-224013C4702C}
	EndGlobalSection
	GlobalSection(ExtensibilityGlobals) = postSolution
		SolutionGuid = {E2F1BC64-8D6D-44E3-820F-4845139DCBDD}
	EndGlobalSection
EndGlobal
